
Microsoft Visual Studio Solution File, Format Version 12.00
# Visual Studio 2012
Project("{FAE04EC0-301F-11D3-BF4B-00C04F79EFBC}") = "iOSSplitViewSample", "iOSAimAndScanSample\iOSSplitViewSample.csproj", "{7580F6ED-29CF-4C6D-A7A6-E65541BF2C09}"
EndProject
Global
	GlobalSection(SolutionConfigurationPlatforms) = preSolution
		Debug|iPhoneSimulator = Debug|iPhoneSimulator
		Release|iPhone = Release|iPhone
		Release|iPhoneSimulator = Release|iPhoneSimulator
		Debug|iPhone = Debug|iPhone
	EndGlobalSection
	GlobalSection(ProjectConfigurationPlatforms) = postSolution
		{7580F6ED-29CF-4C6D-A7A6-E65541BF2C09}.Debug|iPhoneSimulator.ActiveCfg = Debug|iPhoneSimulator
		{7580F6ED-29CF-4C6D-A7A6-E65541BF2C09}.Debug|iPhoneSimulator.Build.0 = Debug|iPhoneSimulator
		{7580F6ED-29CF-4C6D-A7A6-E65541BF2C09}.Debug|iPhone.ActiveCfg = Debug|iPhone
		{7580F6ED-29CF-4C6D-A7A6-E65541BF2C09}.Debug|iPhone.Build.0 = Debug|iPhone
		{7580F6ED-29CF-4C6D-A7A6-E65541BF2C09}.Release|iPhone.ActiveCfg = Release|iPhone
		{7580F6ED-29CF-4C6D-A7A6-E65541BF2C09}.Release|iPhone.Build.0 = Release|iPhone
		{7580F6ED-29CF-4C6D-A7A6-E65541BF2C09}.Release|iPhoneSimulator.ActiveCfg = Release|iPhoneSimulator
		{7580F6ED-29CF-4C6D-A7A6-E65541BF2C09}.Release|iPhoneSimulator.Build.0 = Release|iPhoneSimulator
	EndGlobalSection
	GlobalSection(MonoDevelopProperties) = preSolution
		Policies = $0
		$0.StandardHeader = $1
		$0.VersionControlPolicy = $2
	EndGlobalSection
EndGlobal
