
Microsoft Visual Studio Solution File, Format Version 12.00
# Visual Studio 2012
Project("{FAE04EC0-301F-11D3-BF4B-00C04F79EFBC}") = "ExtendedSample", "ExtendedSample\ExtendedSample.csproj", "{D00BD554-9A88-42F1-99BD-9E7B6C72A1E4}"
EndProject
Project("{FAE04EC0-301F-11D3-BF4B-00C04F79EFBC}") = "ExtendedSample.iOS", "iOS\ExtendedSample.iOS.csproj", "{9D928388-B844-4DF0-9547-80B092F1D411}"
EndProject
Project("{FAE04EC0-301F-11D3-BF4B-00C04F79EFBC}") = "ExtendedSample.Droid", "Droid\ExtendedSample.Droid.csproj", "{DA2EC4DB-6A7C-44FD-BA73-AEF206F83EDB}"
EndProject
Global
	GlobalSection(SolutionConfigurationPlatforms) = preSolution
		Debug|Any CPU = Debug|Any CPU
		Release|Any CPU = Release|Any CPU
		Debug|iPhoneSimulator = Debug|iPhoneSimulator
		Release|iPhone = Release|iPhone
		Release|iPhoneSimulator = Release|iPhoneSimulator
		Debug|iPhone = Debug|iPhone
	EndGlobalSection
	GlobalSection(ProjectConfigurationPlatforms) = postSolution
		{D00BD554-9A88-42F1-99BD-9E7B6C72A1E4}.Debug|Any CPU.ActiveCfg = Debug|Any CPU
		{D00BD554-9A88-42F1-99BD-9E7B6C72A1E4}.Debug|Any CPU.Build.0 = Debug|Any CPU
		{D00BD554-9A88-42F1-99BD-9E7B6C72A1E4}.Release|Any CPU.ActiveCfg = Release|Any CPU
		{D00BD554-9A88-42F1-99BD-9E7B6C72A1E4}.Release|Any CPU.Build.0 = Release|Any CPU
		{D00BD554-9A88-42F1-99BD-9E7B6C72A1E4}.Debug|iPhoneSimulator.ActiveCfg = Debug|Any CPU
		{D00BD554-9A88-42F1-99BD-9E7B6C72A1E4}.Debug|iPhoneSimulator.Build.0 = Debug|Any CPU
		{D00BD554-9A88-42F1-99BD-9E7B6C72A1E4}.Release|iPhone.ActiveCfg = Release|Any CPU
		{D00BD554-9A88-42F1-99BD-9E7B6C72A1E4}.Release|iPhone.Build.0 = Release|Any CPU
		{D00BD554-9A88-42F1-99BD-9E7B6C72A1E4}.Release|iPhoneSimulator.ActiveCfg = Release|Any CPU
		{D00BD554-9A88-42F1-99BD-9E7B6C72A1E4}.Release|iPhoneSimulator.Build.0 = Release|Any CPU
		{D00BD554-9A88-42F1-99BD-9E7B6C72A1E4}.Debug|iPhone.ActiveCfg = Debug|Any CPU
		{D00BD554-9A88-42F1-99BD-9E7B6C72A1E4}.Debug|iPhone.Build.0 = Debug|Any CPU
		{9D928388-B844-4DF0-9547-80B092F1D411}.Debug|Any CPU.ActiveCfg = Debug|iPhoneSimulator
		{9D928388-B844-4DF0-9547-80B092F1D411}.Debug|Any CPU.Build.0 = Debug|iPhoneSimulator
		{9D928388-B844-4DF0-9547-80B092F1D411}.Release|Any CPU.ActiveCfg = Release|iPhone
		{9D928388-B844-4DF0-9547-80B092F1D411}.Release|Any CPU.Build.0 = Release|iPhone
		{9D928388-B844-4DF0-9547-80B092F1D411}.Debug|iPhoneSimulator.ActiveCfg = Debug|iPhoneSimulator
		{9D928388-B844-4DF0-9547-80B092F1D411}.Debug|iPhoneSimulator.Build.0 = Debug|iPhoneSimulator
		{9D928388-B844-4DF0-9547-80B092F1D411}.Release|iPhone.ActiveCfg = Release|iPhone
		{9D928388-B844-4DF0-9547-80B092F1D411}.Release|iPhone.Build.0 = Release|iPhone
		{9D928388-B844-4DF0-9547-80B092F1D411}.Release|iPhoneSimulator.ActiveCfg = Release|iPhoneSimulator
		{9D928388-B844-4DF0-9547-80B092F1D411}.Release|iPhoneSimulator.Build.0 = Release|iPhoneSimulator
		{9D928388-B844-4DF0-9547-80B092F1D411}.Debug|iPhone.ActiveCfg = Debug|iPhone
		{9D928388-B844-4DF0-9547-80B092F1D411}.Debug|iPhone.Build.0 = Debug|iPhone
		{DA2EC4DB-6A7C-44FD-BA73-AEF206F83EDB}.Debug|Any CPU.ActiveCfg = Debug|Any CPU
		{DA2EC4DB-6A7C-44FD-BA73-AEF206F83EDB}.Debug|Any CPU.Build.0 = Debug|Any CPU
		{DA2EC4DB-6A7C-44FD-BA73-AEF206F83EDB}.Release|Any CPU.ActiveCfg = Release|Any CPU
		{DA2EC4DB-6A7C-44FD-BA73-AEF206F83EDB}.Release|Any CPU.Build.0 = Release|Any CPU
		{DA2EC4DB-6A7C-44FD-BA73-AEF206F83EDB}.Debug|iPhoneSimulator.ActiveCfg = Debug|Any CPU
		{DA2EC4DB-6A7C-44FD-BA73-AEF206F83EDB}.Debug|iPhoneSimulator.Build.0 = Debug|Any CPU
		{DA2EC4DB-6A7C-44FD-BA73-AEF206F83EDB}.Release|iPhone.ActiveCfg = Release|Any CPU
		{DA2EC4DB-6A7C-44FD-BA73-AEF206F83EDB}.Release|iPhone.Build.0 = Release|Any CPU
		{DA2EC4DB-6A7C-44FD-BA73-AEF206F83EDB}.Release|iPhoneSimulator.ActiveCfg = Release|Any CPU
		{DA2EC4DB-6A7C-44FD-BA73-AEF206F83EDB}.Release|iPhoneSimulator.Build.0 = Release|Any CPU
		{DA2EC4DB-6A7C-44FD-BA73-AEF206F83EDB}.Debug|iPhone.ActiveCfg = Debug|Any CPU
		{DA2EC4DB-6A7C-44FD-BA73-AEF206F83EDB}.Debug|iPhone.Build.0 = Debug|Any CPU
	EndGlobalSection
EndGlobal
